github.com/google/go-cmp v0.6.0 h1:ofyhxvXcZhMsU5ulbFiLKl/XBFqE1GSq7atu8tAmTRI=
github.com/google/go-cmp v0.6.0/go.mod h1:17dUlkBOakJ0+DkrSSNjCkIjxS6bF9zb3elmeNGIjoY=
github.com/mgilbir/aster v0.1.1 h1:TJCEtI5FVsgtHI4FMZNRbIhOeAMQDiFTc/DkpK1voxo=
github.com/mgilbir/aster v0.1.1/go.mod h1:yQmSjpKMAyBsjA5c9/eQAfvIXF7N9VROSEErWT28DWI=
github.com/mgilbir/formalis v0.3.1 h1:NyYe/EcRYJ2jUjgaZG98lNXgJ7H+jgy6mq7HXOnQxl8=
github.com/mgilbir/formalis v0.3.1/go.mod h1:M82rAk4SewJbe1B3bhgQKw0w7ojFOHus7Nm1roqZYEk=
github.com/mgilbir/forme v0.10.0 h1:EkGrIgTBnDgSJc4LcbfZyZXeRW5egYKBuXvGZUNHTKA=
github.com/mgilbir/forme v0.10.0/go.mod h1:VWH98Gvv6a4tUBmhvB0efHmpPEAHrO49EJpu4UGwfw0=
github.com/mgilbir/goecma262 v0.2.0 h1:Ycgd4Gt6mjxAtNd5H1+K5kRm3bcq4uMM+vqZz2Fh3X4=
github.com/mgilbir/goecma262 v0.2.0/go.mod h1:wQvOAFchLrhVSiF4JsSzH+yE6eLpc8gOBrvpuahNucI=
github.com/mgilbir/golittlecms v0.0.0-20260727161601-f6af7cfe1556 h1:2ZUsOgMhxpHCYC8jyzeEnJZFLYGbXhqjAJWJBvY8q4U=
github.com/mgilbir/golittlecms v0.0.0-20260727161601-f6af7cfe1556/go.mod h1:8SmvcTVpsTeqGaLqnhlCphGYaBeoeedJQB6AsKNNQxo=
github.com/mgilbir/gopenjpeg v0.1.1 h1:zf0iHWEkex7TsOtQKPy6t19qNJzf7ykxK7r5Sgl/V2A=
github.com/mgilbir/gopenjpeg v0.1.1/go.mod h1:J72BFvnlK6fgFlVEtFycG+kbNYLX04tjzVI6eVmDAho=
github.com/mgilbir/gowemf v0.1.1 h1:O+z59rSZBtaJNa6S5r8Z59MQ5Cmifb0rGHPQQKtTuco=
github.com/mgilbir/gowemf v0.1.1/go.mod h1:5mmbuyGlTRyulKHMmT65lGxz+BoyJyTj2M5K26Lp5Dg=
github.com/mgilbir/pdf0 v0.5.0 h1:djuIA5eJgdjTIsw5NO2fV3RlL/APv0AcO+EAy58ftNc=
github.com/mgilbir/pdf0 v0.5.0/go.mod h1:V9Vo9fwQZFFgq63wDtON6m8b0c9nGdqbpEqX5oTtoUs=
golang.org/x/image v0.47.0 h1:za/8gVz++PPZqmZJBNSISICN5Rrj5zixP/8K++fgmqo=
golang.org/x/image v0.47.0/go.mod h1:IkN5o4A7vq55vXN8FWjjnhg9Rs2GOtffqsSi9mWAKYE=
golang.org/x/mod v0.41.0 h1:qJmnOUb4YB+FsEuM3HcWucdZASCPGhsX6uljO6pog0c=
golang.org/x/mod v0.41.0/go.mod h1:Ek9pY8RKWXwsWvd3rQiHYtMqkjSUV+s1Rj7j4H5Ur6o=
golang.org/x/sync v0.24.0 h1:iqiDrGoDgyuvAKrhLQthUEzU/R378N78gXbBjxed7oA=
golang.org/x/sync v0.24.0/go.mod h1:sUUOizhqBxiL6pEWpqNLUiaJn1ShEbZ6BBqskPbjZm0=
golang.org/x/text v0.43.0 h1:1QivrlhwAsnMOcqgOdl9my7s9OyZl8O5/UGUTJVXoWc=
golang.org/x/text v0.43.0/go.mod h1:hbSIYA/amXcRXTFSZqh8tWHEoqRvvbKPJ2uz/KU+a+s=
golang.org/x/tools v0.51.0 h1:k4Xc/1Om9jwkBJBo4NVLMSARBoWtK10mx+W5BnXCeAI=
golang.org/x/tools v0.51.0/go.mod h1:9eEncMayCV6zRMGhR5eZEC2iBx98qWcF1HZ9Z7wJOoA=
