github.com/google/go-cmp v0.6.0 h1:ofyhxvXcZhMsU5ulbFiLKl/XBFqE1GSq7atu8tAmTRI=
github.com/google/go-cmp v0.6.0/go.mod h1:17dUlkBOakJ0+DkrSSNjCkIjxS6bF9zb3elmeNGIjoY=
github.com/mgilbir/aster v0.0.0-20261005061336-d8ce2bb95692 h1:lfHJlyiwHaimM4ikbwRIC71v05ggWV3FEMsDBurvqXU=
github.com/mgilbir/aster v0.0.0-20261005061336-d8ce2bb95692/go.mod h1:+fBgu5XmXLxtzT+k/SOafFKbmiV0GYotagZWZSDw864=
github.com/mgilbir/formalis v0.3.1 h1:NyYe/EcRYJ2jUjgaZG98lNXgJ7H+jgy6mq7HXOnQxl8=
github.com/mgilbir/formalis v0.3.1/go.mod h1:M82rAk4SewJbe1B3bhgQKw0w7ojFOHus7Nm1roqZYEk=
github.com/mgilbir/forme v0.8.0 h1:dGaYyagNf2tyym8j/di08Fpajj7tFhuqT3Uv/h1ONtw=
github.com/mgilbir/forme v0.8.0/go.mod h1:VWH98Gvv6a4tUBmhvB0efHmpPEAHrO49EJpu4UGwfw0=
github.com/mgilbir/goecma262 v0.2.0 h1:Ycgd4Gt6mjxAtNd5H1+K5kRm3bcq4uMM+vqZz2Fh3X4=
github.com/mgilbir/goecma262 v0.2.0/go.mod h1:wQvOAFchLrhVSiF4JsSzH+yE6eLpc8gOBrvpuahNucI=
github.com/mgilbir/golittlecms v0.0.0-20260727161601-f6af7cfe1556 h1:2ZUsOgMhxpHCYC8jyzeEnJZFLYGbXhqjAJWJBvY8q4U=
github.com/mgilbir/golittlecms v0.0.0-20260727161601-f6af7cfe1556/go.mod h1:8SmvcTVpsTeqGaLqnhlCphGYaBeoeedJQB6AsKNNQxo=
github.com/mgilbir/gopenjpeg v0.1.1 h1:zf0iHWEkex7TsOtQKPy6t19qNJzf7ykxK7r5Sgl/V2A=
github.com/mgilbir/gopenjpeg v0.1.1/go.mod h1:J72BFvnlK6fgFlVEtFycG+kbNYLX04tjzVI6eVmDAho=
github.com/mgilbir/gowemf v0.0.0-20261005165636-3f1f9ec9553a h1:ep3hoc7s2z+IYwATPokC7M2Y4rnbKNMmogjfZcM2ls0=
github.com/mgilbir/gowemf v0.0.0-20261005165636-3f1f9ec9553a/go.mod h1:5mmbuyGlTRyulKHMmT65lGxz+BoyJyTj2M5K26Lp5Dg=
github.com/mgilbir/pdf0 v0.4.0 h1:C/Mg8Hbouc//sv7zRcNzxAveJ5yQnRh9seysoSA9So0=
github.com/mgilbir/pdf0 v0.4.0/go.mod h1:iwJ15CY5as4UR0yey8IbbfPCZHkrPfOP24nDMmH8Y7s=
golang.org/x/image v0.35.0 h1:LKjiHdgMtO8z7Fh18nGY6KDcoEtVfsgLDPeLyguqb7I=
golang.org/x/image v0.35.0/go.mod h1:MwPLTVgvxSASsxdLzKrl8BRFuyqMyGhLwmC+TO1Sybk=
golang.org/x/mod v0.38.0 h1:MECBjubtXD7yj4HrhIUcywNaGeNVUdfVnxmPajOk4yk=
golang.org/x/mod v0.38.0/go.mod h1:V6Xz0pq8TQ3dGqVQ1FVHuelZpAL0uNhSkk9ogYP3c40=
golang.org/x/sync v0.22.0 h1:SZjpbeLmrCk4xhRSZFNZW5gFUeCeFgjekvI/+gfScek=
golang.org/x/sync v0.22.0/go.mod h1:9xrNwdLfx4jkKbNva9FpL6vEN7evnE43NNNJQ2LF3+0=
golang.org/x/text v0.40.0 h1:Ub2Z6/xjgF1WrYQz2nuITOEegKFtiIy+rieRJ5lHZKs=
golang.org/x/text v0.40.0/go.mod h1:hpnzDAfGV753zIKo+wk3u1bVKCGPbrnF7+7LBF/UHVY=
golang.org/x/tools v0.48.0 h1:3+hClM1aLL5mjMKm5ovokw9epgRXPuu2tILgismM6RE=
golang.org/x/tools v0.48.0/go.mod h1:08xX0orndb/F7jJxGDicx061tyd5pcMto75YMAXr6lk=
